
Microsoft Visual Studio Solution File, Format Version 12.00
# Visual Studio 15
VisualStudioVersion = 15.0.28307.1082
MinimumVisualStudioVersion = 10.0.40219.1
Project("{FAE04EC0-301F-11D3-BF4B-00C04F79EFBC}") = "VSP_46231z_4", "VSP_46231z_4\VSP_46231z_4.csproj", "{BF322E64-D089-4D43-BE19-BA06F5452E0F}"
EndProject
Global
	GlobalSection(SolutionConfigurationPlatforms) = preSolution
		Debug|Any CPU = Debug|Any CPU
		Release|Any CPU = Release|Any CPU
	EndGlobalSection
	GlobalSection(ProjectConfigurationPlatforms) = postSolution
		{BF322E64-D089-4D43-BE19-BA06F5452E0F}.Debug|Any CPU.ActiveCfg = Debug|Any CPU
		{BF322E64-D089-4D43-BE19-BA06F5452E0F}.Debug|Any CPU.Build.0 = Debug|Any CPU
		{BF322E64-D089-4D43-BE19-BA06F5452E0F}.Release|Any CPU.ActiveCfg = Release|Any CPU
		{BF322E64-D089-4D43-BE19-BA06F5452E0F}.Release|Any CPU.Build.0 = Release|Any CPU
	EndGlobalSection
	GlobalSection(SolutionProperties) = preSolution
		HideSolutionNode = FALSE
	EndGlobalSection
	GlobalSection(ExtensibilityGlobals) = postSolution
		SolutionGuid = {8199CE7A-0486-45CA-87CB-0CE448F0A5AA}
	EndGlobalSection
EndGlobal
