
Microsoft Visual Studio Solution File, Format Version 12.00
# Visual Studio 15
VisualStudioVersion = 15.0.28307.1082
MinimumVisualStudioVersion = 10.0.40219.1
Project("{FAE04EC0-301F-11D3-BF4B-00C04F79EFBC}") = "VSP_46231z_9_2", "VSP_46231z_9_2\VSP_46231z_9_2.csproj", "{3296D212-F55E-415B-8852-2575D5DBCE78}"
EndProject
Global
	GlobalSection(SolutionConfigurationPlatforms) = preSolution
		Debug|Any CPU = Debug|Any CPU
		Release|Any CPU = Release|Any CPU
	EndGlobalSection
	GlobalSection(ProjectConfigurationPlatforms) = postSolution
		{3296D212-F55E-415B-8852-2575D5DBCE78}.Debug|Any CPU.ActiveCfg = Debug|Any CPU
		{3296D212-F55E-415B-8852-2575D5DBCE78}.Debug|Any CPU.Build.0 = Debug|Any CPU
		{3296D212-F55E-415B-8852-2575D5DBCE78}.Release|Any CPU.ActiveCfg = Release|Any CPU
		{3296D212-F55E-415B-8852-2575D5DBCE78}.Release|Any CPU.Build.0 = Release|Any CPU
	EndGlobalSection
	GlobalSection(SolutionProperties) = preSolution
		HideSolutionNode = FALSE
	EndGlobalSection
	GlobalSection(ExtensibilityGlobals) = postSolution
		SolutionGuid = {0A91F0AE-F9F5-4F23-96D1-D1E60D59D6B7}
	EndGlobalSection
EndGlobal
