
Microsoft Visual Studio Solution File, Format Version 12.00
# Visual Studio 15
VisualStudioVersion = 15.0.28307.1082
MinimumVisualStudioVersion = 10.0.40219.1
Project("{FAE04EC0-301F-11D3-BF4B-00C04F79EFBC}") = "SDA_46231z_1_01", "SDA_46231z_1_01\SDA_46231z_1_01.csproj", "{43262D77-EEDA-46F1-AB52-FCE15793E811}"
EndProject
Project("{FAE04EC0-301F-11D3-BF4B-00C04F79EFBC}") = "SDA_46231z_1_02", "SDA_46231z_1_02\SDA_46231z_1_02.csproj", "{78EF9BD8-B23B-4819-8E0C-77767FAA54F3}"
EndProject
Project("{FAE04EC0-301F-11D3-BF4B-00C04F79EFBC}") = "SDA_46231z_1_03", "SDA_46231z_1_03\SDA_46231z_1_03.csproj", "{D0C7ADFA-0F27-4CAA-AF81-4E20A403B59F}"
EndProject
Project("{FAE04EC0-301F-11D3-BF4B-00C04F79EFBC}") = "SDA_46231z_1_04", "SDA_46231z_1_04\SDA_46231z_1_04.csproj", "{3BC14C4E-B55F-4B7F-957A-5E19687F9BEA}"
EndProject
Project("{FAE04EC0-301F-11D3-BF4B-00C04F79EFBC}") = "SDA_46231z_1_05", "SDA_46231z_1_05\SDA_46231z_1_05.csproj", "{A1E80B1F-7B69-40F8-BDB6-5A8046114740}"
EndProject
Project("{FAE04EC0-301F-11D3-BF4B-00C04F79EFBC}") = "SDA_46231z_1_06", "SDA_46231z_1_06\SDA_46231z_1_06.csproj", "{59941AF5-DF8C-4DD6-9616-7C6706EB1B76}"
EndProject
Project("{FAE04EC0-301F-11D3-BF4B-00C04F79EFBC}") = "SDA_46231z_1_07", "SDA_46231z_1_07\SDA_46231z_1_07.csproj", "{0C044C64-D2C6-4777-919A-9C0C3E45EED0}"
EndProject
Project("{FAE04EC0-301F-11D3-BF4B-00C04F79EFBC}") = "SDA_46231z_1_08", "SDA_46231z_1_08\SDA_46231z_1_08.csproj", "{48731F7C-E918-46FF-A4BE-4E7E32FF1938}"
EndProject
Project("{FAE04EC0-301F-11D3-BF4B-00C04F79EFBC}") = "SDA_46231z_1_09", "SDA_46231z_1_09\SDA_46231z_1_09.csproj", "{EC80F39E-06BC-467E-A1EB-6CD0F93F89EB}"
EndProject
Project("{FAE04EC0-301F-11D3-BF4B-00C04F79EFBC}") = "SDA_46231z_1_10", "SDA_46231z_1_10\SDA_46231z_1_10.csproj", "{A66E8CC8-BEFA-4A4E-91E1-F3DBE1454BD9}"
EndProject
Global
	GlobalSection(SolutionConfigurationPlatforms) = preSolution
		Debug|Any CPU = Debug|Any CPU
		Release|Any CPU = Release|Any CPU
	EndGlobalSection
	GlobalSection(ProjectConfigurationPlatforms) = postSolution
		{43262D77-EEDA-46F1-AB52-FCE15793E811}.Debug|Any CPU.ActiveCfg = Debug|Any CPU
		{43262D77-EEDA-46F1-AB52-FCE15793E811}.Debug|Any CPU.Build.0 = Debug|Any CPU
		{43262D77-EEDA-46F1-AB52-FCE15793E811}.Release|Any CPU.ActiveCfg = Release|Any CPU
		{43262D77-EEDA-46F1-AB52-FCE15793E811}.Release|Any CPU.Build.0 = Release|Any CPU
		{78EF9BD8-B23B-4819-8E0C-77767FAA54F3}.Debug|Any CPU.ActiveCfg = Debug|Any CPU
		{78EF9BD8-B23B-4819-8E0C-77767FAA54F3}.Debug|Any CPU.Build.0 = Debug|Any CPU
		{78EF9BD8-B23B-4819-8E0C-77767FAA54F3}.Release|Any CPU.ActiveCfg = Release|Any CPU
		{78EF9BD8-B23B-4819-8E0C-77767FAA54F3}.Release|Any CPU.Build.0 = Release|Any CPU
		{D0C7ADFA-0F27-4CAA-AF81-4E20A403B59F}.Debug|Any CPU.ActiveCfg = Debug|Any CPU
		{D0C7ADFA-0F27-4CAA-AF81-4E20A403B59F}.Debug|Any CPU.Build.0 = Debug|Any CPU
		{D0C7ADFA-0F27-4CAA-AF81-4E20A403B59F}.Release|Any CPU.ActiveCfg = Release|Any CPU
		{D0C7ADFA-0F27-4CAA-AF81-4E20A403B59F}.Release|Any CPU.Build.0 = Release|Any CPU
		{3BC14C4E-B55F-4B7F-957A-5E19687F9BEA}.Debug|Any CPU.ActiveCfg = Debug|Any CPU
		{3BC14C4E-B55F-4B7F-957A-5E19687F9BEA}.Debug|Any CPU.Build.0 = Debug|Any CPU
		{3BC14C4E-B55F-4B7F-957A-5E19687F9BEA}.Release|Any CPU.ActiveCfg = Release|Any CPU
		{3BC14C4E-B55F-4B7F-957A-5E19687F9BEA}.Release|Any CPU.Build.0 = Release|Any CPU
		{A1E80B1F-7B69-40F8-BDB6-5A8046114740}.Debug|Any CPU.ActiveCfg = Debug|Any CPU
		{A1E80B1F-7B69-40F8-BDB6-5A8046114740}.Debug|Any CPU.Build.0 = Debug|Any CPU
		{A1E80B1F-7B69-40F8-BDB6-5A8046114740}.Release|Any CPU.ActiveCfg = Release|Any CPU
		{A1E80B1F-7B69-40F8-BDB6-5A8046114740}.Release|Any CPU.Build.0 = Release|Any CPU
		{59941AF5-DF8C-4DD6-9616-7C6706EB1B76}.Debug|Any CPU.ActiveCfg = Debug|Any CPU
		{59941AF5-DF8C-4DD6-9616-7C6706EB1B76}.Debug|Any CPU.Build.0 = Debug|Any CPU
		{59941AF5-DF8C-4DD6-9616-7C6706EB1B76}.Release|Any CPU.ActiveCfg = Release|Any CPU
		{59941AF5-DF8C-4DD6-9616-7C6706EB1B76}.Release|Any CPU.Build.0 = Release|Any CPU
		{0C044C64-D2C6-4777-919A-9C0C3E45EED0}.Debug|Any CPU.ActiveCfg = Debug|Any CPU
		{0C044C64-D2C6-4777-919A-9C0C3E45EED0}.Debug|Any CPU.Build.0 = Debug|Any CPU
		{0C044C64-D2C6-4777-919A-9C0C3E45EED0}.Release|Any CPU.ActiveCfg = Release|Any CPU
		{0C044C64-D2C6-4777-919A-9C0C3E45EED0}.Release|Any CPU.Build.0 = Release|Any CPU
		{48731F7C-E918-46FF-A4BE-4E7E32FF1938}.Debug|Any CPU.ActiveCfg = Debug|Any CPU
		{48731F7C-E918-46FF-A4BE-4E7E32FF1938}.Debug|Any CPU.Build.0 = Debug|Any CPU
		{48731F7C-E918-46FF-A4BE-4E7E32FF1938}.Release|Any CPU.ActiveCfg = Release|Any CPU
		{48731F7C-E918-46FF-A4BE-4E7E32FF1938}.Release|Any CPU.Build.0 = Release|Any CPU
		{EC80F39E-06BC-467E-A1EB-6CD0F93F89EB}.Debug|Any CPU.ActiveCfg = Debug|Any CPU
		{EC80F39E-06BC-467E-A1EB-6CD0F93F89EB}.Debug|Any CPU.Build.0 = Debug|Any CPU
		{EC80F39E-06BC-467E-A1EB-6CD0F93F89EB}.Release|Any CPU.ActiveCfg = Release|Any CPU
		{EC80F39E-06BC-467E-A1EB-6CD0F93F89EB}.Release|Any CPU.Build.0 = Release|Any CPU
		{A66E8CC8-BEFA-4A4E-91E1-F3DBE1454BD9}.Debug|Any CPU.ActiveCfg = Debug|Any CPU
		{A66E8CC8-BEFA-4A4E-91E1-F3DBE1454BD9}.Debug|Any CPU.Build.0 = Debug|Any CPU
		{A66E8CC8-BEFA-4A4E-91E1-F3DBE1454BD9}.Release|Any CPU.ActiveCfg = Release|Any CPU
		{A66E8CC8-BEFA-4A4E-91E1-F3DBE1454BD9}.Release|Any CPU.Build.0 = Release|Any CPU
	EndGlobalSection
	GlobalSection(SolutionProperties) = preSolution
		HideSolutionNode = FALSE
	EndGlobalSection
	GlobalSection(ExtensibilityGlobals) = postSolution
		SolutionGuid = {2FED5C40-9E87-4EB1-A1A4-C55D682ACAC4}
	EndGlobalSection
EndGlobal
